
Microsoft Visual Studio Solution File, Format Version 12.00
# Visual Studio Version 17
VisualStudioVersion = 17.4.33103.184
MinimumVisualStudioVersion = 10.0.40219.1
Project("{FAE04EC0-301F-11D3-BF4B-00C04F79EFBC}") = "FerryLegacy", "FerryLegacy\FerryLegacy.csproj", "{9EE14DE5-1DF2-4007-BCCC-E79B775CB00F}"
EndProject
Project("{FAE04EC0-301F-11D3-BF4B-00C04F79EFBC}") = "FerryLegacy.Tests", "FerryLegacy\FerryLegacy.Tests\FerryLegacy.Tests.csproj", "{0E2A947A-AC33-479E-BC02-7DAB995D9F37}"
EndProject
Global
	GlobalSection(SolutionConfigurationPlatforms) = preSolution
		Debug|Any CPU = Debug|Any CPU
		Release|Any CPU = Release|Any CPU
	EndGlobalSection
	GlobalSection(ProjectConfigurationPlatforms) = postSolution
		{9EE14DE5-1DF2-4007-BCCC-E79B775CB00F}.Debug|Any CPU.ActiveCfg = Debug|Any CPU
		{9EE14DE5-1DF2-4007-BCCC-E79B775CB00F}.Debug|Any CPU.Build.0 = Debug|Any CPU
		{9EE14DE5-1DF2-4007-BCCC-E79B775CB00F}.Release|Any CPU.ActiveCfg = Release|Any CPU
		{9EE14DE5-1DF2-4007-BCCC-E79B775CB00F}.Release|Any CPU.Build.0 = Release|Any CPU
		{0E2A947A-AC33-479E-BC02-7DAB995D9F37}.Debug|Any CPU.ActiveCfg = Debug|Any CPU
		{0E2A947A-AC33-479E-BC02-7DAB995D9F37}.Debug|Any CPU.Build.0 = Debug|Any CPU
		{0E2A947A-AC33-479E-BC02-7DAB995D9F37}.Release|Any CPU.ActiveCfg = Release|Any CPU
		{0E2A947A-AC33-479E-BC02-7DAB995D9F37}.Release|Any CPU.Build.0 = Release|Any CPU
	EndGlobalSection
	GlobalSection(SolutionProperties) = preSolution
		HideSolutionNode = FALSE
	EndGlobalSection
	GlobalSection(ExtensibilityGlobals) = postSolution
		SolutionGuid = {C3E31D36-34D6-4C25-98E1-90E08C59F32F}
	EndGlobalSection
EndGlobal
